
Microsoft Visual Studio Solution File, Format Version 12.00
# Visual Studio Version 16
VisualStudioVersion = 16.0.28803.202
MinimumVisualStudioVersion = 10.0.40219.1
Project("{FAE04EC0-301F-11D3-BF4B-00C04F79EFBC}") = "Exercício", "Exercício\Exercício.csproj", "{AC8B4B06-063D-4F32-AFCC-B03229100A0B}"
EndProject
Project("{FAE04EC0-301F-11D3-BF4B-00C04F79EFBC}") = "Exercício_QuantidadeSegundos", "Exercício_QuantidadeSegundos\Exercício_QuantidadeSegundos.csproj", "{056D8E3C-F66F-46E2-AA4D-BAC305EACDA0}"
EndProject
Project("{FAE04EC0-301F-11D3-BF4B-00C04F79EFBC}") = "Exercício_Compare", "Exercício_Compare\Exercício_Compare.csproj", "{CD604C78-9D88-4074-995E-EFE91083C409}"
EndProject
Project("{FAE04EC0-301F-11D3-BF4B-00C04F79EFBC}") = "Exercício_DiferençaDatas", "Exercício_DiferençaDatas\Exercício_DiferençaDatas.csproj", "{C1E0C93C-83B4-4247-8D5F-F98873E467B7}"
EndProject
Global
	GlobalSection(SolutionConfigurationPlatforms) = preSolution
		Debug|Any CPU = Debug|Any CPU
		Release|Any CPU = Release|Any CPU
	EndGlobalSection
	GlobalSection(ProjectConfigurationPlatforms) = postSolution
		{AC8B4B06-063D-4F32-AFCC-B03229100A0B}.Debug|Any CPU.ActiveCfg = Debug|Any CPU
		{AC8B4B06-063D-4F32-AFCC-B03229100A0B}.Debug|Any CPU.Build.0 = Debug|Any CPU
		{AC8B4B06-063D-4F32-AFCC-B03229100A0B}.Release|Any CPU.ActiveCfg = Release|Any CPU
		{AC8B4B06-063D-4F32-AFCC-B03229100A0B}.Release|Any CPU.Build.0 = Release|Any CPU
		{056D8E3C-F66F-46E2-AA4D-BAC305EACDA0}.Debug|Any CPU.ActiveCfg = Debug|Any CPU
		{056D8E3C-F66F-46E2-AA4D-BAC305EACDA0}.Debug|Any CPU.Build.0 = Debug|Any CPU
		{056D8E3C-F66F-46E2-AA4D-BAC305EACDA0}.Release|Any CPU.ActiveCfg = Release|Any CPU
		{056D8E3C-F66F-46E2-AA4D-BAC305EACDA0}.Release|Any CPU.Build.0 = Release|Any CPU
		{CD604C78-9D88-4074-995E-EFE91083C409}.Debug|Any CPU.ActiveCfg = Debug|Any CPU
		{CD604C78-9D88-4074-995E-EFE91083C409}.Debug|Any CPU.Build.0 = Debug|Any CPU
		{CD604C78-9D88-4074-995E-EFE91083C409}.Release|Any CPU.ActiveCfg = Release|Any CPU
		{CD604C78-9D88-4074-995E-EFE91083C409}.Release|Any CPU.Build.0 = Release|Any CPU
		{C1E0C93C-83B4-4247-8D5F-F98873E467B7}.Debug|Any CPU.ActiveCfg = Debug|Any CPU
		{C1E0C93C-83B4-4247-8D5F-F98873E467B7}.Debug|Any CPU.Build.0 = Debug|Any CPU
		{C1E0C93C-83B4-4247-8D5F-F98873E467B7}.Release|Any CPU.ActiveCfg = Release|Any CPU
		{C1E0C93C-83B4-4247-8D5F-F98873E467B7}.Release|Any CPU.Build.0 = Release|Any CPU
	EndGlobalSection
	GlobalSection(SolutionProperties) = preSolution
		HideSolutionNode = FALSE
	EndGlobalSection
	GlobalSection(ExtensibilityGlobals) = postSolution
		SolutionGuid = {25B5AB40-804A-43BD-AF06-BE83151E839F}
	EndGlobalSection
EndGlobal
